// !$*UTF8*$!
{
	archiveVersion = 1;
	classes = {
	};
	objectVersion = 50;
	objects = {

/* Begin PBXBuildFile section */
		1F6701E026522AD800B81A44 /* AppDelegate.swift in Sources */ = {isa = PBXBuildFile; fileRef = 1F6701DF26522AD800B81A44 /* AppDelegate.swift */; };
		1F6701E226522AD800B81A44 /* SceneDelegate.swift in Sources */ = {isa = PBXBuildFile; fileRef = 1F6701E126522AD800B81A44 /* SceneDelegate.swift */; };
		1F6701E926522ADA00B81A44 /* Assets.xcassets in Resources */ = {isa = PBXBuildFile; fileRef = 1F6701E826522ADA00B81A44 /* Assets.xcassets */; };
		1F6701EC26522ADA00B81A44 /* LaunchScreen.storyboard in Resources */ = {isa = PBXBuildFile; fileRef = 1F6701EA26522ADA00B81A44 /* LaunchScreen.storyboard */; };
		1F6701FD2652394800B81A44 /* FavoritesListVC.swift in Sources */ = {isa = PBXBuildFile; fileRef = 1F6701FC2652394800B81A44 /* FavoritesListVC.swift */; };
		1F67020126523CB300B81A44 /* SearchVC.swift in Sources */ = {isa = PBXBuildFile; fileRef = 1F67020026523CB300B81A44 /* SearchVC.swift */; };
		1F67020426523CE500B81A44 /* CustomButton.swift in Sources */ = {isa = PBXBuildFile; fileRef = 1F67020326523CE500B81A44 /* CustomButton.swift */; };
		1F67020B2652440C00B81A44 /* SignInVC.swift in Sources */ = {isa = PBXBuildFile; fileRef = 1F67020A2652440C00B81A44 /* SignInVC.swift */; };
		1F67020F2652505500B81A44 /* CustomTextField.swift in Sources */ = {isa = PBXBuildFile; fileRef = 1F67020E2652505500B81A44 /* CustomTextField.swift */; };
		1F6702162655A5E500B81A44 /* SplashVC.swift in Sources */ = {isa = PBXBuildFile; fileRef = 1F6702152655A5E500B81A44 /* SplashVC.swift */; };
		1F6702192655B2C400B81A44 /* PageCell.swift in Sources */ = {isa = PBXBuildFile; fileRef = 1F6702182655B2C400B81A44 /* PageCell.swift */; };
		1F6702202656245100B81A44 /* CustomPageImage.swift in Sources */ = {isa = PBXBuildFile; fileRef = 1F67021F2656245100B81A44 /* CustomPageImage.swift */; };
		1F67022426562F8D00B81A44 /* Page.swift in Sources */ = {isa = PBXBuildFile; fileRef = 1F67022326562F8D00B81A44 /* Page.swift */; };
		1F6702272656426F00B81A44 /* Extensions.swift in Sources */ = {isa = PBXBuildFile; fileRef = 1F6702262656426F00B81A44 /* Extensions.swift */; };
/* End PBXBuildFile section */

/* Begin PBXFileReference section */
		1F6701DC26522AD800B81A44 /* SupportManagementApp.app */ = {isa = PBXFileReference; explicitFileType = wrapper.application; includeInIndex = 0; path = SupportManagementApp.app; sourceTree = BUILT_PRODUCTS_DIR; };
		1F6701DF26522AD800B81A44 /* AppDelegate.swift */ = {isa = PBXFileReference; lastKnownFileType = sourcecode.swift; path = AppDelegate.swift; sourceTree = "<group>"; };
		1F6701E126522AD800B81A44 /* SceneDelegate.swift */ = {isa = PBXFileReference; lastKnownFileType = sourcecode.swift; path = SceneDelegate.swift; sourceTree = "<group>"; };
		1F6701E826522ADA00B81A44 /* Assets.xcassets */ = {isa = PBXFileReference; lastKnownFileType = folder.assetcatalog; path = Assets.xcassets; sourceTree = "<group>"; };
		1F6701EB26522ADA00B81A44 /* Base */ = {isa = PBXFileReference; lastKnownFileType = file.storyboard; name = Base; path = Base.lproj/LaunchScreen.storyboard; sourceTree = "<group>"; };
		1F6701ED26522ADA00B81A44 /* Info.plist */ = {isa = PBXFileReference; lastKnownFileType = text.plist.xml; path = Info.plist; sourceTree = "<group>"; };
		1F6701FC2652394800B81A44 /* FavoritesListVC.swift */ = {isa = PBXFileReference; lastKnownFileType = sourcecode.swift; path = FavoritesListVC.swift; sourceTree = "<group>"; };
		1F67020026523CB300B81A44 /* SearchVC.swift */ = {isa = PBXFileReference; lastKnownFileType = sourcecode.swift; path = SearchVC.swift; sourceTree = "<group>"; };
		1F67020326523CE500B81A44 /* CustomButton.swift */ = {isa = PBXFileReference; lastKnownFileType = sourcecode.swift; path = CustomButton.swift; sourceTree = "<group>"; };
		1F67020A2652440C00B81A44 /* SignInVC.swift */ = {isa = PBXFileReference; lastKnownFileType = sourcecode.swift; path = SignInVC.swift; sourceTree = "<group>"; };
		1F67020E2652505500B81A44 /* CustomTextField.swift */ = {isa = PBXFileReference; lastKnownFileType = sourcecode.swift; path = CustomTextField.swift; sourceTree = "<group>"; };
		1F6702152655A5E500B81A44 /* SplashVC.swift */ = {isa = PBXFileReference; lastKnownFileType = sourcecode.swift; path = SplashVC.swift; sourceTree = "<group>"; };
		1F6702182655B2C400B81A44 /* PageCell.swift */ = {isa = PBXFileReference; lastKnownFileType = sourcecode.swift; path = PageCell.swift; sourceTree = "<group>"; };
		1F67021F2656245100B81A44 /* CustomPageImage.swift */ = {isa = PBXFileReference; lastKnownFileType = sourcecode.swift; path = CustomPageImage.swift; sourceTree = "<group>"; };
		1F67022326562F8D00B81A44 /* Page.swift */ = {isa = PBXFileReference; lastKnownFileType = sourcecode.swift; path = Page.swift; sourceTree = "<group>"; };
		1F6702262656426F00B81A44 /* Extensions.swift */ = {isa = PBXFileReference; lastKnownFileType = sourcecode.swift; path = Extensions.swift; sourceTree = "<group>"; };
/* End PBXFileReference section */

/* Begin PBXFrameworksBuildPhase section */
		1F6701D926522AD800B81A44 /* Frameworks */ = {
			isa = PBXFrameworksBuildPhase;
			buildActionMask = 2147483647;
			files = (
			);
			runOnlyForDeploymentPostprocessing = 0;
		};
/* End PBXFrameworksBuildPhase section */

/* Begin PBXGroup section */
		1F6701D326522AD800B81A44 = {
			isa = PBXGroup;
			children = (
				1F6701DE26522AD800B81A44 /* SupportManagementApp */,
				1F6701DD26522AD800B81A44 /* Products */,
			);
			sourceTree = "<group>";
		};
		1F6701DD26522AD800B81A44 /* Products */ = {
			isa = PBXGroup;
			children = (
				1F6701DC26522AD800B81A44 /* SupportManagementApp.app */,
			);
			name = Products;
			sourceTree = "<group>";
		};
		1F6701DE26522AD800B81A44 /* SupportManagementApp */ = {
			isa = PBXGroup;
			children = (
				1F6701DF26522AD800B81A44 /* AppDelegate.swift */,
				1F6701E126522AD800B81A44 /* SceneDelegate.swift */,
				1F6701E826522ADA00B81A44 /* Assets.xcassets */,
				1F6701EA26522ADA00B81A44 /* LaunchScreen.storyboard */,
				1F6701ED26522ADA00B81A44 /* Info.plist */,
				1F6701FC2652394800B81A44 /* FavoritesListVC.swift */,
				1F67020026523CB300B81A44 /* SearchVC.swift */,
				1F67020326523CE500B81A44 /* CustomButton.swift */,
				1F67020A2652440C00B81A44 /* SignInVC.swift */,
				1F67020E2652505500B81A44 /* CustomTextField.swift */,
				1F6702152655A5E500B81A44 /* SplashVC.swift */,
				1F6702182655B2C400B81A44 /* PageCell.swift */,
				1F67021F2656245100B81A44 /* CustomPageImage.swift */,
				1F67022326562F8D00B81A44 /* Page.swift */,
				1F6702262656426F00B81A44 /* Extensions.swift */,
			);
			path = SupportManagementApp;
			sourceTree = "<group>";
		};
/* End PBXGroup section */

/* Begin PBXNativeTarget section */
		1F6701DB26522AD800B81A44 /* SupportManagementApp */ = {
			isa = PBXNativeTarget;
			buildConfigurationList = 1F6701F026522ADA00B81A44 /* Build configuration list for PBXNativeTarget "SupportManagementApp" */;
			buildPhases = (
				1F6701D826522AD800B81A44 /* Sources */,
				1F6701D926522AD800B81A44 /* Frameworks */,
				1F6701DA26522AD800B81A44 /* Resources */,
			);
			buildRules = (
			);
			dependencies = (
			);
			name = SupportManagementApp;
			productName = SupportManagementApp;
			productReference = 1F6701DC26522AD800B81A44 /* SupportManagementApp.app */;
			productType = "com.apple.product-type.application";
		};
/* End PBXNativeTarget section */

/* Begin PBXProject section */
		1F6701D426522AD800B81A44 /* Project object */ = {
			isa = PBXProject;
			attributes = {
				LastSwiftUpdateCheck = 1230;
				LastUpgradeCheck = 1230;
				TargetAttributes = {
					1F6701DB26522AD800B81A44 = {
						CreatedOnToolsVersion = 12.3;
					};
				};
			};
			buildConfigurationList = 1F6701D726522AD800B81A44 /* Build configuration list for PBXProject "SupportManagementApp" */;
			compatibilityVersion = "Xcode 9.3";
			developmentRegion = en;
			hasScannedForEncodings = 0;
			knownRegions = (
				en,
				Base,
			);
			mainGroup = 1F6701D326522AD800B81A44;
			productRefGroup = 1F6701DD26522AD800B81A44 /* Products */;
			projectDirPath = "";
			projectRoot = "";
			targets = (
				1F6701DB26522AD800B81A44 /* SupportManagementApp */,
			);
		};
/* End PBXProject section */

/* Begin PBXResourcesBuildPhase section */
		1F6701DA26522AD800B81A44 /* Resources */ = {
			isa = PBXResourcesBuildPhase;
			buildActionMask = 2147483647;
			files = (
				1F6701EC26522ADA00B81A44 /* LaunchScreen.storyboard in Resources */,
				1F6701E926522ADA00B81A44 /* Assets.xcassets in Resources */,
			);
			runOnlyForDeploymentPostprocessing = 0;
		};
/* End PBXResourcesBuildPhase section */

/* Begin PBXSourcesBuildPhase section */
		1F6701D826522AD800B81A44 /* Sources */ = {
			isa = PBXSourcesBuildPhase;
			buildActionMask = 2147483647;
			files = (
				1F67020F2652505500B81A44 /* CustomTextField.swift in Sources */,
				1F67020126523CB300B81A44 /* SearchVC.swift in Sources */,
				1F67020426523CE500B81A44 /* CustomButton.swift in Sources */,
				1F6701FD2652394800B81A44 /* FavoritesListVC.swift in Sources */,
				1F67020B2652440C00B81A44 /* SignInVC.swift in Sources */,
				1F6702192655B2C400B81A44 /* PageCell.swift in Sources */,
				1F67022426562F8D00B81A44 /* Page.swift in Sources */,
				1F6702272656426F00B81A44 /* Extensions.swift in Sources */,
				1F6702202656245100B81A44 /* CustomPageImage.swift in Sources */,
				1F6702162655A5E500B81A44 /* SplashVC.swift in Sources */,
				1F6701E026522AD800B81A44 /* AppDelegate.swift in Sources */,
				1F6701E226522AD800B81A44 /* SceneDelegate.swift in Sources */,
			);
			runOnlyForDeploymentPostprocessing = 0;
		};
/* End PBXSourcesBuildPhase section */

/* Begin PBXVariantGroup section */
		1F6701EA26522ADA00B81A44 /* LaunchScreen.storyboard */ = {
			isa = PBXVariantGroup;
			children = (
				1F6701EB26522ADA00B81A44 /* Base */,
			);
			name = LaunchScreen.storyboard;
			sourceTree = "<group>";
		};
/* End PBXVariantGroup section */

/* Begin XCBuildConfiguration section */
		1F6701EE26522ADA00B81A44 /* Debug */ = {
			isa = XCBuildConfiguration;
			buildSettings = {
				ALWAYS_SEARCH_USER_PATHS = NO;
				CLANG_ANALYZER_NONNULL = YES;
				CLANG_ANALYZER_NUMBER_OBJECT_CONVERSION = YES_AGGRESSIVE;
				CLANG_CXX_LANGUAGE_STANDARD = "gnu++14";
				CLANG_CXX_LIBRARY = "libc++";
				CLANG_ENABLE_MODULES = YES;
				CLANG_ENABLE_OBJC_ARC = YES;
				CLANG_ENABLE_OBJC_WEAK = YES;
				CLANG_WARN_BLOCK_CAPTURE_AUTORELEASING = YES;
				CLANG_WARN_BOOL_CONVERSION = YES;
				CLANG_WARN_COMMA = YES;
				CLANG_WARN_CONSTANT_CONVERSION = YES;
				CLANG_WARN_DEPRECATED_OBJC_IMPLEMENTATIONS = YES;
				CLANG_WARN_DIRECT_OBJC_ISA_USAGE = YES_ERROR;
				CLANG_WARN_DOCUMENTATION_COMMENTS = YES;
				CLANG_WARN_EMPTY_BODY = YES;
				CLANG_WARN_ENUM_CONVERSION = YES;
				CLANG_WARN_INFINITE_RECURSION = YES;
				CLANG_WARN_INT_CONVERSION = YES;
				CLANG_WARN_NON_LITERAL_NULL_CONVERSION = YES;
				CLANG_WARN_OBJC_IMPLICIT_RETAIN_SELF = YES;
				CLANG_WARN_OBJC_LITERAL_CONVERSION = YES;
				CLANG_WARN_OBJC_ROOT_CLASS = YES_ERROR;
				CLANG_WARN_QUOTED_INCLUDE_IN_FRAMEWORK_HEADER = YES;
				CLANG_WARN_RANGE_LOOP_ANALYSIS = YES;
				CLANG_WARN_STRICT_PROTOTYPES = YES;
				CLANG_WARN_SUSPICIOUS_MOVE = YES;
				CLANG_WARN_UNGUARDED_AVAILABILITY = YES_AGGRESSIVE;
				CLANG_WARN_UNREACHABLE_CODE = YES;
				CLANG_WARN__DUPLICATE_METHOD_MATCH = YES;
				COPY_PHASE_STRIP = NO;
				DEBUG_INFORMATION_FORMAT = dwarf;
				ENABLE_STRICT_OBJC_MSGSEND = YES;
				ENABLE_TESTABILITY = YES;
				GCC_C_LANGUAGE_STANDARD = gnu11;
				GCC_DYNAMIC_NO_PIC = NO;
				GCC_NO_COMMON_BLOCKS = YES;
				GCC_OPTIMIZATION_LEVEL = 0;
				GCC_PREPROCESSOR_DEFINITIONS = (
					"DEBUG=1",
					"$(inherited)",
				);
				GCC_WARN_64_TO_32_BIT_CONVERSION = YES;
				GCC_WARN_ABOUT_RETURN_TYPE = YES_ERROR;
				GCC_WARN_UNDECLARED_SELECTOR = YES;
				GCC_WARN_UNINITIALIZED_AUTOS = YES_AGGRESSIVE;
				GCC_WARN_UNUSED_FUNCTION = YES;
				GCC_WARN_UNUSED_VARIABLE = YES;
				IPHONEOS_DEPLOYMENT_TARGET = 14.3;
				MTL_ENABLE_DEBUG_INFO = INCLUDE_SOURCE;
				MTL_FAST_MATH = YES;
				ONLY_ACTIVE_ARCH = YES;
				SDKROOT = iphoneos;
				SWIFT_ACTIVE_COMPILATION_CONDITIONS = DEBUG;
				SWIFT_OPTIMIZATION_LEVEL = "-Onone";
			};
			name = Debug;
		};
		1F6701EF26522ADA00B81A44 /* Release */ = {
			isa = XCBuildConfiguration;
			buildSettings = {
				ALWAYS_SEARCH_USER_PATHS = NO;
				CLANG_ANALYZER_NONNULL = YES;
				CLANG_ANALYZER_NUMBER_OBJECT_CONVERSION = YES_AGGRESSIVE;
				CLANG_CXX_LANGUAGE_STANDARD = "gnu++14";
				CLANG_CXX_LIBRARY = "libc++";
				CLANG_ENABLE_MODULES = YES;
				CLANG_ENABLE_OBJC_ARC = YES;
				CLANG_ENABLE_OBJC_WEAK = YES;
				CLANG_WARN_BLOCK_CAPTURE_AUTORELEASING = YES;
				CLANG_WARN_BOOL_CONVERSION = YES;
				CLANG_WARN_COMMA = YES;
				CLANG_WARN_CONSTANT_CONVERSION = YES;
				CLANG_WARN_DEPRECATED_OBJC_IMPLEMENTATIONS = YES;
				CLANG_WARN_DIRECT_OBJC_ISA_USAGE = YES_ERROR;
				CLANG_WARN_DOCUMENTATION_COMMENTS = YES;
				CLANG_WARN_EMPTY_BODY = YES;
				CLANG_WARN_ENUM_CONVERSION = YES;
				CLANG_WARN_INFINITE_RECURSION = YES;
				CLANG_WARN_INT_CONVERSION = YES;
				CLANG_WARN_NON_LITERAL_NULL_CONVERSION = YES;
				CLANG_WARN_OBJC_IMPLICIT_RETAIN_SELF = YES;
				CLANG_WARN_OBJC_LITERAL_CONVERSION = YES;
				CLANG_WARN_OBJC_ROOT_CLASS = YES_ERROR;
				CLANG_WARN_QUOTED_INCLUDE_IN_FRAMEWORK_HEADER = YES;
				CLANG_WARN_RANGE_LOOP_ANALYSIS = YES;
				CLANG_WARN_STRICT_PROTOTYPES = YES;
				CLANG_WARN_SUSPICIOUS_MOVE = YES;
				CLANG_WARN_UNGUARDED_AVAILABILITY = YES_AGGRESSIVE;
				CLANG_WARN_UNREACHABLE_CODE = YES;
				CLANG_WARN__DUPLICATE_METHOD_MATCH = YES;
				COPY_PHASE_STRIP = NO;
				DEBUG_INFORMATION_FORMAT = "dwarf-with-dsym";
				ENABLE_NS_ASSERTIONS = NO;
				ENABLE_STRICT_OBJC_MSGSEND = YES;
				GCC_C_LANGUAGE_STANDARD = gnu11;
				GCC_NO_COMMON_BLOCKS = YES;
				GCC_WARN_64_TO_32_BIT_CONVERSION = YES;
				GCC_WARN_ABOUT_RETURN_TYPE = YES_ERROR;
				GCC_WARN_UNDECLARED_SELECTOR = YES;
				GCC_WARN_UNINITIALIZED_AUTOS = YES_AGGRESSIVE;
				GCC_WARN_UNUSED_FUNCTION = YES;
				GCC_WARN_UNUSED_VARIABLE = YES;
				IPHONEOS_DEPLOYMENT_TARGET = 14.3;
				MTL_ENABLE_DEBUG_INFO = NO;
				MTL_FAST_MATH = YES;
				SDKROOT = iphoneos;
				SWIFT_COMPILATION_MODE = wholemodule;
				SWIFT_OPTIMIZATION_LEVEL = "-O";
				VALIDATE_PRODUCT = YES;
			};
			name = Release;
		};
		1F6701F126522ADA00B81A44 /* Debug */ = {
			isa = XCBuildConfiguration;
			buildSettings = {
				ASSETCATALOG_COMPILER_APPICON_NAME = AppIcon;
				ASSETCATALOG_COMPILER_GLOBAL_ACCENT_COLOR_NAME = AccentColor;
				CODE_SIGN_STYLE = Automatic;
				DEVELOPMENT_TEAM = 672238735N;
				INFOPLIST_FILE = SupportManagementApp/Info.plist;
				LD_RUNPATH_SEARCH_PATHS = (
					"$(inherited)",
					"@executable_path/Frameworks",
				);
				PRODUCT_BUNDLE_IDENTIFIER = co.hasanOk.SupportManagementApp;
				PRODUCT_NAME = "$(TARGET_NAME)";
				SWIFT_VERSION = 5.0;
				TARGETED_DEVICE_FAMILY = 1;
			};
			name = Debug;
		};
		1F6701F226522ADA00B81A44 /* Release */ = {
			isa = XCBuildConfiguration;
			buildSettings = {
				ASSETCATALOG_COMPILER_APPICON_NAME = AppIcon;
				ASSETCATALOG_COMPILER_GLOBAL_ACCENT_COLOR_NAME = AccentColor;
				CODE_SIGN_STYLE = Automatic;
				DEVELOPMENT_TEAM = 672238735N;
				INFOPLIST_FILE = SupportManagementApp/Info.plist;
				LD_RUNPATH_SEARCH_PATHS = (
					"$(inherited)",
					"@executable_path/Frameworks",
				);
				PRODUCT_BUNDLE_IDENTIFIER = co.hasanOk.SupportManagementApp;
				PRODUCT_NAME = "$(TARGET_NAME)";
				SWIFT_VERSION = 5.0;
				TARGETED_DEVICE_FAMILY = 1;
			};
			name = Release;
		};
/* End XCBuildConfiguration section */

/* Begin XCConfigurationList section */
		1F6701D726522AD800B81A44 /* Build configuration list for PBXProject "SupportManagementApp" */ = {
			isa = XCConfigurationList;
			buildConfigurations = (
				1F6701EE26522ADA00B81A44 /* Debug */,
				1F6701EF26522ADA00B81A44 /* Release */,
			);
			defaultConfigurationIsVisible = 0;
			defaultConfigurationName = Release;
		};
		1F6701F026522ADA00B81A44 /* Build configuration list for PBXNativeTarget "SupportManagementApp" */ = {
			isa = XCConfigurationList;
			buildConfigurations = (
				1F6701F126522ADA00B81A44 /* Debug */,
				1F6701F226522ADA00B81A44 /* Release */,
			);
			defaultConfigurationIsVisible = 0;
			defaultConfigurationName = Release;
		};
/* End XCConfigurationList section */
	};
	rootObject = 1F6701D426522AD800B81A44 /* Project object */;
}
